// !$*UTF8*$!
{
	archiveVersion = 1;
	classes = {
	};
	objectVersion = 46;
	objects = {

/* Begin PBXBuildFile section */
		2B1BA2231AC33CB200B8E3AA /* main.m in Sources */ = {isa = PBXBuildFile; fileRef = 2B1BA2221AC33CB200B8E3AA /* main.m */; };
		2B1BA2261AC33CB200B8E3AA /* AppDelegate.m in Sources */ = {isa = PBXBuildFile; fileRef = 2B1BA2251AC33CB200B8E3AA /* AppDelegate.m */; };
		2B1BA2281AC33CB200B8E3AA /* Images.xcassets in Resources */ = {isa = PBXBuildFile; fileRef = 2B1BA2271AC33CB200B8E3AA /* Images.xcassets */; };
		2B1BA22B1AC33CB200B8E3AA /* LaunchScreen.xib in Resources */ = {isa = PBXBuildFile; fileRef = 2B1BA2291AC33CB200B8E3AA /* LaunchScreen.xib */; };
		2B1BA2371AC33CB200B8E3AA /* Antipode_ExampleTests.m in Sources */ = {isa = PBXBuildFile; fileRef = 2B1BA2361AC33CB200B8E3AA /* Antipode_ExampleTests.m */; };
/* End PBXBuildFile section */

/* Begin PBXContainerItemProxy section */
		2B1BA2311AC33CB200B8E3AA /* PBXContainerItemProxy */ = {
			isa = PBXContainerItemProxy;
			containerPortal = 2B1BA2151AC33CB200B8E3AA /* Project object */;
			proxyType = 1;
			remoteGlobalIDString = 2B1BA21C1AC33CB200B8E3AA;
			remoteInfo = Antipode_Example;
		};
/* End PBXContainerItemProxy section */

/* Begin PBXFileReference section */
		2B1BA21D1AC33CB200B8E3AA /* Antipode_Example.app */ = {isa = PBXFileReference; explicitFileType = wrapper.application; includeInIndex = 0; path = Antipode_Example.app; sourceTree = BUILT_PRODUCTS_DIR; };
		2B1BA2211AC33CB200B8E3AA /* Info.plist */ = {isa = PBXFileReference; lastKnownFileType = text.plist.xml; path = Info.plist; sourceTree = "<group>"; };
		2B1BA2221AC33CB200B8E3AA /* main.m */ = {isa = PBXFileReference; lastKnownFileType = sourcecode.c.objc; path = main.m; sourceTree = "<group>"; };
		2B1BA2241AC33CB200B8E3AA /* AppDelegate.h */ = {isa = PBXFileReference; lastKnownFileType = sourcecode.c.h; path = AppDelegate.h; sourceTree = "<group>"; };
		2B1BA2251AC33CB200B8E3AA /* AppDelegate.m */ = {isa = PBXFileReference; lastKnownFileType = sourcecode.c.objc; path = AppDelegate.m; sourceTree = "<group>"; };
		2B1BA2271AC33CB200B8E3AA /* Images.xcassets */ = {isa = PBXFileReference; lastKnownFileType = folder.assetcatalog; path = Images.xcassets; sourceTree = "<group>"; };
		2B1BA22A1AC33CB200B8E3AA /* Base */ = {isa = PBXFileReference; lastKnownFileType = file.xib; name = Base; path = Base.lproj/LaunchScreen.xib; sourceTree = "<group>"; };
		2B1BA2301AC33CB200B8E3AA /* Antipode_ExampleTests.xctest */ = {isa = PBXFileReference; explicitFileType = wrapper.cfbundle; includeInIndex = 0; path = Antipode_ExampleTests.xctest; sourceTree = BUILT_PRODUCTS_DIR; };
		2B1BA2351AC33CB200B8E3AA /* Info.plist */ = {isa = PBXFileReference; lastKnownFileType = text.plist.xml; path = Info.plist; sourceTree = "<group>"; };
		2B1BA2361AC33CB200B8E3AA /* Antipode_ExampleTests.m */ = {isa = PBXFileReference; lastKnownFileType = sourcecode.c.objc; path = Antipode_ExampleTests.m; sourceTree = "<group>"; };
/* End PBXFileReference section */

/* Begin PBXFrameworksBuildPhase section */
		2B1BA21A1AC33CB200B8E3AA /* Frameworks */ = {
			isa = PBXFrameworksBuildPhase;
			buildActionMask = 2147483647;
			files = (
			);
			runOnlyForDeploymentPostprocessing = 0;
		};
		2B1BA22D1AC33CB200B8E3AA /* Frameworks */ = {
			isa = PBXFrameworksBuildPhase;
			buildActionMask = 2147483647;
			files = (
			);
			runOnlyForDeploymentPostprocessing = 0;
		};
/* End PBXFrameworksBuildPhase section */

/* Begin PBXGroup section */
		2B1BA2141AC33CB200B8E3AA = {
			isa = PBXGroup;
			children = (
				2B1BA21F1AC33CB200B8E3AA /* Antipode_Example */,
				2B1BA2331AC33CB200B8E3AA /* Antipode_ExampleTests */,
				2B1BA21E1AC33CB200B8E3AA /* Products */,
			);
			sourceTree = "<group>";
		};
		2B1BA21E1AC33CB200B8E3AA /* Products */ = {
			isa = PBXGroup;
			children = (
				2B1BA21D1AC33CB200B8E3AA /* Antipode_Example.app */,
				2B1BA2301AC33CB200B8E3AA /* Antipode_ExampleTests.xctest */,
			);
			name = Products;
			sourceTree = "<group>";
		};
		2B1BA21F1AC33CB200B8E3AA /* Antipode_Example */ = {
			isa = PBXGroup;
			children = (
				2B1BA2241AC33CB200B8E3AA /* AppDelegate.h */,
				2B1BA2251AC33CB200B8E3AA /* AppDelegate.m */,
				2B1BA2271AC33CB200B8E3AA /* Images.xcassets */,
				2B1BA2291AC33CB200B8E3AA /* LaunchScreen.xib */,
				2B1BA2201AC33CB200B8E3AA /* Supporting Files */,
			);
			path = Antipode_Example;
			sourceTree = "<group>";
		};
		2B1BA2201AC33CB200B8E3AA /* Supporting Files */ = {
			isa = PBXGroup;
			children = (
				2B1BA2211AC33CB200B8E3AA /* Info.plist */,
				2B1BA2221AC33CB200B8E3AA /* main.m */,
			);
			name = "Supporting Files";
			sourceTree = "<group>";
		};
		2B1BA2331AC33CB200B8E3AA /* Antipode_ExampleTests */ = {
			isa = PBXGroup;
			children = (
				2B1BA2361AC33CB200B8E3AA /* Antipode_ExampleTests.m */,
				2B1BA2341AC33CB200B8E3AA /* Supporting Files */,
			);
			path = Antipode_ExampleTests;
			sourceTree = "<group>";
		};
		2B1BA2341AC33CB200B8E3AA /* Supporting Files */ = {
			isa = PBXGroup;
			children = (
				2B1BA2351AC33CB200B8E3AA /* Info.plist */,
			);
			name = "Supporting Files";
			sourceTree = "<group>";
		};
/* End PBXGroup section */

/* Begin PBXNativeTarget section */
		2B1BA21C1AC33CB200B8E3AA /* Antipode_Example */ = {
			isa = PBXNativeTarget;
			buildConfigurationList = 2B1BA23A1AC33CB200B8E3AA /* Build configuration list for PBXNativeTarget "Antipode_Example" */;
			buildPhases = (
				2B1BA2191AC33CB200B8E3AA /* Sources */,
				2B1BA21A1AC33CB200B8E3AA /* Frameworks */,
				2B1BA21B1AC33CB200B8E3AA /* Resources */,
			);
			buildRules = (
			);
			dependencies = (
			);
			name = Antipode_Example;
			productName = Antipode_Example;
			productReference = 2B1BA21D1AC33CB200B8E3AA /* Antipode_Example.app */;
			productType = "com.apple.product-type.application";
		};
		2B1BA22F1AC33CB200B8E3AA /* Antipode_ExampleTests */ = {
			isa = PBXNativeTarget;
			buildConfigurationList = 2B1BA23D1AC33CB200B8E3AA /* Build configuration list for PBXNativeTarget "Antipode_ExampleTests" */;
			buildPhases = (
				2B1BA22C1AC33CB200B8E3AA /* Sources */,
				2B1BA22D1AC33CB200B8E3AA /* Frameworks */,
				2B1BA22E1AC33CB200B8E3AA /* Resources */,
			);
			buildRules = (
			);
			dependencies = (
				2B1BA2321AC33CB200B8E3AA /* PBXTargetDependency */,
			);
			name = Antipode_ExampleTests;
			productName = Antipode_ExampleTests;
			productReference = 2B1BA2301AC33CB200B8E3AA /* Antipode_ExampleTests.xctest */;
			productType = "com.apple.product-type.bundle.unit-test";
		};
/* End PBXNativeTarget section */

/* Begin PBXProject section */
		2B1BA2151AC33CB200B8E3AA /* Project object */ = {
			isa = PBXProject;
			attributes = {
				LastUpgradeCheck = 0620;
				ORGANIZATIONNAME = "Nicatec Software";
				TargetAttributes = {
					2B1BA21C1AC33CB200B8E3AA = {
						CreatedOnToolsVersion = 6.2;
					};
					2B1BA22F1AC33CB200B8E3AA = {
						CreatedOnToolsVersion = 6.2;
						TestTargetID = 2B1BA21C1AC33CB200B8E3AA;
					};
				};
			};
			buildConfigurationList = 2B1BA2181AC33CB200B8E3AA /* Build configuration list for PBXProject "Antipode_Example" */;
			compatibilityVersion = "Xcode 3.2";
			developmentRegion = English;
			hasScannedForEncodings = 0;
			knownRegions = (
				en,
				Base,
			);
			mainGroup = 2B1BA2141AC33CB200B8E3AA;
			productRefGroup = 2B1BA21E1AC33CB200B8E3AA /* Products */;
			projectDirPath = "";
			projectRoot = "";
			targets = (
				2B1BA21C1AC33CB200B8E3AA /* Antipode_Example */,
				2B1BA22F1AC33CB200B8E3AA /* Antipode_ExampleTests */,
			);
		};
/* End PBXProject section */

/* Begin PBXResourcesBuildPhase section */
		2B1BA21B1AC33CB200B8E3AA /* Resources */ = {
			isa = PBXResourcesBuildPhase;
			buildActionMask = 2147483647;
			files = (
				2B1BA22B1AC33CB200B8E3AA /* LaunchScreen.xib in Resources */,
				2B1BA2281AC33CB200B8E3AA /* Images.xcassets in Resources */,
			);
			runOnlyForDeploymentPostprocessing = 0;
		};
		2B1BA22E1AC33CB200B8E3AA /* Resources */ = {
			isa = PBXResourcesBuildPhase;
			buildActionMask = 2147483647;
			files = (
			);
			runOnlyForDeploymentPostprocessing = 0;
		};
/* End PBXResourcesBuildPhase section */

/* Begin PBXSourcesBuildPhase section */
		2B1BA2191AC33CB200B8E3AA /* Sources */ = {
			isa = PBXSourcesBuildPhase;
			buildActionMask = 2147483647;
			files = (
				2B1BA2261AC33CB200B8E3AA /* AppDelegate.m in Sources */,
				2B1BA2231AC33CB200B8E3AA /* main.m in Sources */,
			);
			runOnlyForDeploymentPostprocessing = 0;
		};
		2B1BA22C1AC33CB200B8E3AA /* Sources */ = {
			isa = PBXSourcesBuildPhase;
			buildActionMask = 2147483647;
			files = (
				2B1BA2371AC33CB200B8E3AA /* Antipode_ExampleTests.m in Sources */,
			);
			runOnlyForDeploymentPostprocessing = 0;
		};
/* End PBXSourcesBuildPhase section */

/* Begin PBXTargetDependency section */
		2B1BA2321AC33CB200B8E3AA /* PBXTargetDependency */ = {
			isa = PBXTargetDependency;
			target = 2B1BA21C1AC33CB200B8E3AA /* Antipode_Example */;
			targetProxy = 2B1BA2311AC33CB200B8E3AA /* PBXContainerItemProxy */;
		};
/* End PBXTargetDependency section */

/* Begin PBXVariantGroup section */
		2B1BA2291AC33CB200B8E3AA /* LaunchScreen.xib */ = {
			isa = PBXVariantGroup;
			children = (
				2B1BA22A1AC33CB200B8E3AA /* Base */,
			);
			name = LaunchScreen.xib;
			sourceTree = "<group>";
		};
/* End PBXVariantGroup section */

/* Begin XCBuildConfiguration section */
		2B1BA2381AC33CB200B8E3AA /* Debug */ = {
			isa = XCBuildConfiguration;
			buildSettings = {
				ALWAYS_SEARCH_USER_PATHS = NO;
				CLANG_CXX_LANGUAGE_STANDARD = "gnu++0x";
				CLANG_CXX_LIBRARY = "libc++";
				CLANG_ENABLE_MODULES = YES;
				CLANG_ENABLE_OBJC_ARC = YES;
				CLANG_WARN_BOOL_CONVERSION = YES;
				CLANG_WARN_CONSTANT_CONVERSION = YES;
				CLANG_WARN_DIRECT_OBJC_ISA_USAGE = YES_ERROR;
				CLANG_WARN_EMPTY_BODY = YES;
				CLANG_WARN_ENUM_CONVERSION = YES;
				CLANG_WARN_INT_CONVERSION = YES;
				CLANG_WARN_OBJC_ROOT_CLASS = YES_ERROR;
				CLANG_WARN_UNREACHABLE_CODE = YES;
				CLANG_WARN__DUPLICATE_METHOD_MATCH = YES;
				"CODE_SIGN_IDENTITY[sdk=iphoneos*]" = "iPhone Developer";
				COPY_PHASE_STRIP = NO;
				ENABLE_STRICT_OBJC_MSGSEND = YES;
				GCC_C_LANGUAGE_STANDARD = gnu99;
				GCC_DYNAMIC_NO_PIC = NO;
				GCC_OPTIMIZATION_LEVEL = 0;
				GCC_PREPROCESSOR_DEFINITIONS = (
					"DEBUG=1",
					"$(inherited)",
				);
				GCC_SYMBOLS_PRIVATE_EXTERN = NO;
				GCC_WARN_64_TO_32_BIT_CONVERSION = YES;
				GCC_WARN_ABOUT_RETURN_TYPE = YES_ERROR;
				GCC_WARN_UNDECLARED_SELECTOR = YES;
				GCC_WARN_UNINITIALIZED_AUTOS = YES_AGGRESSIVE;
				GCC_WARN_UNUSED_FUNCTION = YES;
				GCC_WARN_UNUSED_VARIABLE = YES;
				IPHONEOS_DEPLOYMENT_TARGET = 8.2;
				MTL_ENABLE_DEBUG_INFO = YES;
				ONLY_ACTIVE_ARCH = YES;
				SDKROOT = iphoneos;
			};
			name = Debug;
		};
		2B1BA2391AC33CB200B8E3AA /* Release */ = {
			isa = XCBuildConfiguration;
			buildSettings = {
				ALWAYS_SEARCH_USER_PATHS = NO;
				CLANG_CXX_LANGUAGE_STANDARD = "gnu++0x";
				CLANG_CXX_LIBRARY = "libc++";
				CLANG_ENABLE_MODULES = YES;
				CLANG_ENABLE_OBJC_ARC = YES;
				CLANG_WARN_BOOL_CONVERSION = YES;
				CLANG_WARN_CONSTANT_CONVERSION = YES;
				CLANG_WARN_DIRECT_OBJC_ISA_USAGE = YES_ERROR;
				CLANG_WARN_EMPTY_BODY = YES;
				CLANG_WARN_ENUM_CONVERSION = YES;
				CLANG_WARN_INT_CONVERSION = YES;
				CLANG_WARN_OBJC_ROOT_CLASS = YES_ERROR;
				CLANG_WARN_UNREACHABLE_CODE = YES;
				CLANG_WARN__DUPLICATE_METHOD_MATCH = YES;
				"CODE_SIGN_IDENTITY[sdk=iphoneos*]" = "iPhone Developer";
				COPY_PHASE_STRIP = NO;
				ENABLE_NS_ASSERTIONS = NO;
				ENABLE_STRICT_OBJC_MSGSEND = YES;
				GCC_C_LANGUAGE_STANDARD = gnu99;
				GCC_WARN_64_TO_32_BIT_CONVERSION = YES;
				GCC_WARN_ABOUT_RETURN_TYPE = YES_ERROR;
				GCC_WARN_UNDECLARED_SELECTOR = YES;
				GCC_WARN_UNINITIALIZED_AUTOS = YES_AGGRESSIVE;
				GCC_WARN_UNUSED_FUNCTION = YES;
				GCC_WARN_UNUSED_VARIABLE = YES;
				IPHONEOS_DEPLOYMENT_TARGET = 8.2;
				MTL_ENABLE_DEBUG_INFO = NO;
				SDKROOT = iphoneos;
				VALIDATE_PRODUCT = YES;
			};
			name = Release;
		};
		2B1BA23B1AC33CB200B8E3AA /* Debug */ = {
			isa = XCBuildConfiguration;
			buildSettings = {
				ASSETCATALOG_COMPILER_APPICON_NAME = AppIcon;
				INFOPLIST_FILE = Antipode_Example/Info.plist;
				LD_RUNPATH_SEARCH_PATHS = "$(inherited) @executable_path/Frameworks";
				PRODUCT_NAME = "$(TARGET_NAME)";
			};
			name = Debug;
		};
		2B1BA23C1AC33CB200B8E3AA /* Release */ = {
			isa = XCBuildConfiguration;
			buildSettings = {
				ASSETCATALOG_COMPILER_APPICON_NAME = AppIcon;
				INFOPLIST_FILE = Antipode_Example/Info.plist;
				LD_RUNPATH_SEARCH_PATHS = "$(inherited) @executable_path/Frameworks";
				PRODUCT_NAME = "$(TARGET_NAME)";
			};
			name = Release;
		};
		2B1BA23E1AC33CB200B8E3AA /* Debug */ = {
			isa = XCBuildConfiguration;
			buildSettings = {
				BUNDLE_LOADER = "$(TEST_HOST)";
				FRAMEWORK_SEARCH_PATHS = (
					"$(SDKROOT)/Developer/Library/Frameworks",
					"$(inherited)",
				);
				GCC_PREPROCESSOR_DEFINITIONS = (
					"DEBUG=1",
					"$(inherited)",
				);
				INFOPLIST_FILE = Antipode_ExampleTests/Info.plist;
				LD_RUNPATH_SEARCH_PATHS = "$(inherited) @executable_path/Frameworks @loader_path/Frameworks";
				PRODUCT_NAME = "$(TARGET_NAME)";
				TEST_HOST = "$(BUILT_PRODUCTS_DIR)/Antipode_Example.app/Antipode_Example";
			};
			name = Debug;
		};
		2B1BA23F1AC33CB200B8E3AA /* Release */ = {
			isa = XCBuildConfiguration;
			buildSettings = {
				BUNDLE_LOADER = "$(TEST_HOST)";
				FRAMEWORK_SEARCH_PATHS = (
					"$(SDKROOT)/Developer/Library/Frameworks",
					"$(inherited)",
				);
				INFOPLIST_FILE = Antipode_ExampleTests/Info.plist;
				LD_RUNPATH_SEARCH_PATHS = "$(inherited) @executable_path/Frameworks @loader_path/Frameworks";
				PRODUCT_NAME = "$(TARGET_NAME)";
				TEST_HOST = "$(BUILT_PRODUCTS_DIR)/Antipode_Example.app/Antipode_Example";
			};
			name = Release;
		};
/* End XCBuildConfiguration section */

/* Begin XCConfigurationList section */
		2B1BA2181AC33CB200B8E3AA /* Build configuration list for PBXProject "Antipode_Example" */ = {
			isa = XCConfigurationList;
			buildConfigurations = (
				2B1BA2381AC33CB200B8E3AA /* Debug */,
				2B1BA2391AC33CB200B8E3AA /* Release */,
			);
			defaultConfigurationIsVisible = 0;
			defaultConfigurationName = Release;
		};
		2B1BA23A1AC33CB200B8E3AA /* Build configuration list for PBXNativeTarget "Antipode_Example" */ = {
			isa = XCConfigurationList;
			buildConfigurations = (
				2B1BA23B1AC33CB200B8E3AA /* Debug */,
				2B1BA23C1AC33CB200B8E3AA /* Release */,
			);
			defaultConfigurationIsVisible = 0;
		};
		2B1BA23D1AC33CB200B8E3AA /* Build configuration list for PBXNativeTarget "Antipode_ExampleTests" */ = {
			isa = XCConfigurationList;
			buildConfigurations = (
				2B1BA23E1AC33CB200B8E3AA /* Debug */,
				2B1BA23F1AC33CB200B8E3AA /* Release */,
			);
			defaultConfigurationIsVisible = 0;
		};
/* End XCConfigurationList section */
	};
	rootObject = 2B1BA2151AC33CB200B8E3AA /* Project object */;
}
